// !$*UTF8*$!
{
	archiveVersion = 1;
	classes = {
	};
	objectVersion = 46;
	objects = {

/* Begin PBXBuildFile section */
		E92528F81A7032DA000E2BDF /* ProgressSource.swift in Sources */ = {isa = PBXBuildFile; fileRef = E92528F71A7032DA000E2BDF /* ProgressSource.swift */; };
		E92528FC1A703699000E2BDF /* UseCaseTests.swift in Sources */ = {isa = PBXBuildFile; fileRef = E92528FB1A703699000E2BDF /* UseCaseTests.swift */; };
		E92528FE1A703731000E2BDF /* GoodProgressTestCase.swift in Sources */ = {isa = PBXBuildFile; fileRef = E92528FD1A703731000E2BDF /* GoodProgressTestCase.swift */; };
		E9989A461A6D5FB300BD6B6F /* GoodProgress.h in Headers */ = {isa = PBXBuildFile; fileRef = E9989A451A6D5FB300BD6B6F /* GoodProgress.h */; settings = {ATTRIBUTES = (Public, ); }; };
		E9989A4C1A6D5FB300BD6B6F /* GoodProgress.framework in Frameworks */ = {isa = PBXBuildFile; fileRef = E9989A401A6D5FB300BD6B6F /* GoodProgress.framework */; };
		E9989A531A6D5FB300BD6B6F /* GoodProgressTests.swift in Sources */ = {isa = PBXBuildFile; fileRef = E9989A521A6D5FB300BD6B6F /* GoodProgressTests.swift */; };
		E9989A5D1A6D5FC200BD6B6F /* Progress.swift in Sources */ = {isa = PBXBuildFile; fileRef = E9989A5C1A6D5FC200BD6B6F /* Progress.swift */; };
/* End PBXBuildFile section */

/* Begin PBXContainerItemProxy section */
		E9989A4D1A6D5FB300BD6B6F /* PBXContainerItemProxy */ = {
			isa = PBXContainerItemProxy;
			containerPortal = E9989A371A6D5FB300BD6B6F /* Project object */;
			proxyType = 1;
			remoteGlobalIDString = E9989A3F1A6D5FB300BD6B6F;
			remoteInfo = SwiftyProgress;
		};
/* End PBXContainerItemProxy section */

/* Begin PBXFileReference section */
		E92528F71A7032DA000E2BDF /* ProgressSource.swift */ = {isa = PBXFileReference; fileEncoding = 4; lastKnownFileType = sourcecode.swift; path = ProgressSource.swift; sourceTree = "<group>"; };
		E92528FB1A703699000E2BDF /* UseCaseTests.swift */ = {isa = PBXFileReference; fileEncoding = 4; lastKnownFileType = sourcecode.swift; path = UseCaseTests.swift; sourceTree = "<group>"; };
		E92528FD1A703731000E2BDF /* GoodProgressTestCase.swift */ = {isa = PBXFileReference; fileEncoding = 4; lastKnownFileType = sourcecode.swift; path = GoodProgressTestCase.swift; sourceTree = "<group>"; };
		E9989A401A6D5FB300BD6B6F /* GoodProgress.framework */ = {isa = PBXFileReference; explicitFileType = wrapper.framework; includeInIndex = 0; path = GoodProgress.framework; sourceTree = BUILT_PRODUCTS_DIR; };
		E9989A441A6D5FB300BD6B6F /* Info.plist */ = {isa = PBXFileReference; lastKnownFileType = text.plist.xml; path = Info.plist; sourceTree = "<group>"; };
		E9989A451A6D5FB300BD6B6F /* GoodProgress.h */ = {isa = PBXFileReference; lastKnownFileType = sourcecode.c.h; path = GoodProgress.h; sourceTree = "<group>"; };
		E9989A4B1A6D5FB300BD6B6F /* GoodProgressTests.xctest */ = {isa = PBXFileReference; explicitFileType = wrapper.cfbundle; includeInIndex = 0; path = GoodProgressTests.xctest; sourceTree = BUILT_PRODUCTS_DIR; };
		E9989A511A6D5FB300BD6B6F /* Info.plist */ = {isa = PBXFileReference; lastKnownFileType = text.plist.xml; path = Info.plist; sourceTree = "<group>"; };
		E9989A521A6D5FB300BD6B6F /* GoodProgressTests.swift */ = {isa = PBXFileReference; lastKnownFileType = sourcecode.swift; path = GoodProgressTests.swift; sourceTree = "<group>"; };
		E9989A5C1A6D5FC200BD6B6F /* Progress.swift */ = {isa = PBXFileReference; fileEncoding = 4; lastKnownFileType = sourcecode.swift; path = Progress.swift; sourceTree = "<group>"; };
/* End PBXFileReference section */

/* Begin PBXFrameworksBuildPhase section */
		E9989A3C1A6D5FB300BD6B6F /* Frameworks */ = {
			isa = PBXFrameworksBuildPhase;
			buildActionMask = 2147483647;
			files = (
			);
			runOnlyForDeploymentPostprocessing = 0;
		};
		E9989A481A6D5FB300BD6B6F /* Frameworks */ = {
			isa = PBXFrameworksBuildPhase;
			buildActionMask = 2147483647;
			files = (
				E9989A4C1A6D5FB300BD6B6F /* GoodProgress.framework in Frameworks */,
			);
			runOnlyForDeploymentPostprocessing = 0;
		};
/* End PBXFrameworksBuildPhase section */

/* Begin PBXGroup section */
		E9989A361A6D5FB300BD6B6F = {
			isa = PBXGroup;
			children = (
				E9989A421A6D5FB300BD6B6F /* GoodProgress */,
				E9989A4F1A6D5FB300BD6B6F /* GoodProgressTests */,
				E9989A411A6D5FB300BD6B6F /* Products */,
			);
			sourceTree = "<group>";
		};
		E9989A411A6D5FB300BD6B6F /* Products */ = {
			isa = PBXGroup;
			children = (
				E9989A401A6D5FB300BD6B6F /* GoodProgress.framework */,
				E9989A4B1A6D5FB300BD6B6F /* GoodProgressTests.xctest */,
			);
			name = Products;
			sourceTree = "<group>";
		};
		E9989A421A6D5FB300BD6B6F /* GoodProgress */ = {
			isa = PBXGroup;
			children = (
				E9989A451A6D5FB300BD6B6F /* GoodProgress.h */,
				E9989A431A6D5FB300BD6B6F /* Supporting Files */,
				E9989A5C1A6D5FC200BD6B6F /* Progress.swift */,
				E92528F71A7032DA000E2BDF /* ProgressSource.swift */,
			);
			path = GoodProgress;
			sourceTree = "<group>";
		};
		E9989A431A6D5FB300BD6B6F /* Supporting Files */ = {
			isa = PBXGroup;
			children = (
				E9989A441A6D5FB300BD6B6F /* Info.plist */,
			);
			name = "Supporting Files";
			sourceTree = "<group>";
		};
		E9989A4F1A6D5FB300BD6B6F /* GoodProgressTests */ = {
			isa = PBXGroup;
			children = (
				E9989A521A6D5FB300BD6B6F /* GoodProgressTests.swift */,
				E9989A501A6D5FB300BD6B6F /* Supporting Files */,
				E92528FB1A703699000E2BDF /* UseCaseTests.swift */,
				E92528FD1A703731000E2BDF /* GoodProgressTestCase.swift */,
			);
			path = GoodProgressTests;
			sourceTree = "<group>";
		};
		E9989A501A6D5FB300BD6B6F /* Supporting Files */ = {
			isa = PBXGroup;
			children = (
				E9989A511A6D5FB300BD6B6F /* Info.plist */,
			);
			name = "Supporting Files";
			sourceTree = "<group>";
		};
/* End PBXGroup section */

/* Begin PBXHeadersBuildPhase section */
		E9989A3D1A6D5FB300BD6B6F /* Headers */ = {
			isa = PBXHeadersBuildPhase;
			buildActionMask = 2147483647;
			files = (
				E9989A461A6D5FB300BD6B6F /* GoodProgress.h in Headers */,
			);
			runOnlyForDeploymentPostprocessing = 0;
		};
/* End PBXHeadersBuildPhase section */

/* Begin PBXNativeTarget section */
		E9989A3F1A6D5FB300BD6B6F /* GoodProgress */ = {
			isa = PBXNativeTarget;
			buildConfigurationList = E9989A561A6D5FB300BD6B6F /* Build configuration list for PBXNativeTarget "GoodProgress" */;
			buildPhases = (
				E9989A3B1A6D5FB300BD6B6F /* Sources */,
				E9989A3C1A6D5FB300BD6B6F /* Frameworks */,
				E9989A3D1A6D5FB300BD6B6F /* Headers */,
				E9989A3E1A6D5FB300BD6B6F /* Resources */,
			);
			buildRules = (
			);
			dependencies = (
			);
			name = GoodProgress;
			productName = SwiftyProgress;
			productReference = E9989A401A6D5FB300BD6B6F /* GoodProgress.framework */;
			productType = "com.apple.product-type.framework";
		};
		E9989A4A1A6D5FB300BD6B6F /* GoodProgressTests */ = {
			isa = PBXNativeTarget;
			buildConfigurationList = E9989A591A6D5FB300BD6B6F /* Build configuration list for PBXNativeTarget "GoodProgressTests" */;
			buildPhases = (
				E9989A471A6D5FB300BD6B6F /* Sources */,
				E9989A481A6D5FB300BD6B6F /* Frameworks */,
				E9989A491A6D5FB300BD6B6F /* Resources */,
			);
			buildRules = (
			);
			dependencies = (
				E9989A4E1A6D5FB300BD6B6F /* PBXTargetDependency */,
			);
			name = GoodProgressTests;
			productName = SwiftyProgressTests;
			productReference = E9989A4B1A6D5FB300BD6B6F /* GoodProgressTests.xctest */;
			productType = "com.apple.product-type.bundle.unit-test";
		};
/* End PBXNativeTarget section */

/* Begin PBXProject section */
		E9989A371A6D5FB300BD6B6F /* Project object */ = {
			isa = PBXProject;
			attributes = {
				LastUpgradeCheck = 0610;
				ORGANIZATIONNAME = "Thomas Visser";
				TargetAttributes = {
					E9989A3F1A6D5FB300BD6B6F = {
						CreatedOnToolsVersion = 6.1.1;
					};
					E9989A4A1A6D5FB300BD6B6F = {
						CreatedOnToolsVersion = 6.1.1;
					};
				};
			};
			buildConfigurationList = E9989A3A1A6D5FB300BD6B6F /* Build configuration list for PBXProject "GoodProgress" */;
			compatibilityVersion = "Xcode 3.2";
			developmentRegion = English;
			hasScannedForEncodings = 0;
			knownRegions = (
				en,
			);
			mainGroup = E9989A361A6D5FB300BD6B6F;
			productRefGroup = E9989A411A6D5FB300BD6B6F /* Products */;
			projectDirPath = "";
			projectRoot = "";
			targets = (
				E9989A3F1A6D5FB300BD6B6F /* GoodProgress */,
				E9989A4A1A6D5FB300BD6B6F /* GoodProgressTests */,
			);
		};
/* End PBXProject section */

/* Begin PBXResourcesBuildPhase section */
		E9989A3E1A6D5FB300BD6B6F /* Resources */ = {
			isa = PBXResourcesBuildPhase;
			buildActionMask = 2147483647;
			files = (
			);
			runOnlyForDeploymentPostprocessing = 0;
		};
		E9989A491A6D5FB300BD6B6F /* Resources */ = {
			isa = PBXResourcesBuildPhase;
			buildActionMask = 2147483647;
			files = (
			);
			runOnlyForDeploymentPostprocessing = 0;
		};
/* End PBXResourcesBuildPhase section */

/* Begin PBXSourcesBuildPhase section */
		E9989A3B1A6D5FB300BD6B6F /* Sources */ = {
			isa = PBXSourcesBuildPhase;
			buildActionMask = 2147483647;
			files = (
				E9989A5D1A6D5FC200BD6B6F /* Progress.swift in Sources */,
				E92528F81A7032DA000E2BDF /* ProgressSource.swift in Sources */,
			);
			runOnlyForDeploymentPostprocessing = 0;
		};
		E9989A471A6D5FB300BD6B6F /* Sources */ = {
			isa = PBXSourcesBuildPhase;
			buildActionMask = 2147483647;
			files = (
				E92528FC1A703699000E2BDF /* UseCaseTests.swift in Sources */,
				E9989A531A6D5FB300BD6B6F /* GoodProgressTests.swift in Sources */,
				E92528FE1A703731000E2BDF /* GoodProgressTestCase.swift in Sources */,
			);
			runOnlyForDeploymentPostprocessing = 0;
		};
/* End PBXSourcesBuildPhase section */

/* Begin PBXTargetDependency section */
		E9989A4E1A6D5FB300BD6B6F /* PBXTargetDependency */ = {
			isa = PBXTargetDependency;
			target = E9989A3F1A6D5FB300BD6B6F /* GoodProgress */;
			targetProxy = E9989A4D1A6D5FB300BD6B6F /* PBXContainerItemProxy */;
		};
/* End PBXTargetDependency section */

/* Begin XCBuildConfiguration section */
		E9989A541A6D5FB300BD6B6F /* Debug */ = {
			isa = XCBuildConfiguration;
			buildSettings = {
				ALWAYS_SEARCH_USER_PATHS = NO;
				CLANG_CXX_LANGUAGE_STANDARD = "gnu++0x";
				CLANG_CXX_LIBRARY = "libc++";
				CLANG_ENABLE_MODULES = YES;
				CLANG_ENABLE_OBJC_ARC = YES;
				CLANG_WARN_BOOL_CONVERSION = YES;
				CLANG_WARN_CONSTANT_CONVERSION = YES;
				CLANG_WARN_DIRECT_OBJC_ISA_USAGE = YES_ERROR;
				CLANG_WARN_EMPTY_BODY = YES;
				CLANG_WARN_ENUM_CONVERSION = YES;
				CLANG_WARN_INT_CONVERSION = YES;
				CLANG_WARN_OBJC_ROOT_CLASS = YES_ERROR;
				CLANG_WARN_UNREACHABLE_CODE = YES;
				CLANG_WARN__DUPLICATE_METHOD_MATCH = YES;
				"CODE_SIGN_IDENTITY[sdk=iphoneos*]" = "iPhone Developer";
				COPY_PHASE_STRIP = NO;
				CURRENT_PROJECT_VERSION = 1;
				ENABLE_STRICT_OBJC_MSGSEND = YES;
				GCC_C_LANGUAGE_STANDARD = gnu99;
				GCC_DYNAMIC_NO_PIC = NO;
				GCC_OPTIMIZATION_LEVEL = 0;
				GCC_PREPROCESSOR_DEFINITIONS = (
					"DEBUG=1",
					"$(inherited)",
				);
				GCC_SYMBOLS_PRIVATE_EXTERN = NO;
				GCC_WARN_64_TO_32_BIT_CONVERSION = YES;
				GCC_WARN_ABOUT_RETURN_TYPE = YES_ERROR;
				GCC_WARN_UNDECLARED_SELECTOR = YES;
				GCC_WARN_UNINITIALIZED_AUTOS = YES_AGGRESSIVE;
				GCC_WARN_UNUSED_FUNCTION = YES;
				GCC_WARN_UNUSED_VARIABLE = YES;
				IPHONEOS_DEPLOYMENT_TARGET = 8.1;
				MTL_ENABLE_DEBUG_INFO = YES;
				ONLY_ACTIVE_ARCH = YES;
				SDKROOT = iphoneos;
				SWIFT_OPTIMIZATION_LEVEL = "-Onone";
				TARGETED_DEVICE_FAMILY = "1,2";
				VERSIONING_SYSTEM = "apple-generic";
				VERSION_INFO_PREFIX = "";
			};
			name = Debug;
		};
		E9989A551A6D5FB300BD6B6F /* Release */ = {
			isa = XCBuildConfiguration;
			buildSettings = {
				ALWAYS_SEARCH_USER_PATHS = NO;
				CLANG_CXX_LANGUAGE_STANDARD = "gnu++0x";
				CLANG_CXX_LIBRARY = "libc++";
				CLANG_ENABLE_MODULES = YES;
				CLANG_ENABLE_OBJC_ARC = YES;
				CLANG_WARN_BOOL_CONVERSION = YES;
				CLANG_WARN_CONSTANT_CONVERSION = YES;
				CLANG_WARN_DIRECT_OBJC_ISA_USAGE = YES_ERROR;
				CLANG_WARN_EMPTY_BODY = YES;
				CLANG_WARN_ENUM_CONVERSION = YES;
				CLANG_WARN_INT_CONVERSION = YES;
				CLANG_WARN_OBJC_ROOT_CLASS = YES_ERROR;
				CLANG_WARN_UNREACHABLE_CODE = YES;
				CLANG_WARN__DUPLICATE_METHOD_MATCH = YES;
				"CODE_SIGN_IDENTITY[sdk=iphoneos*]" = "iPhone Developer";
				COPY_PHASE_STRIP = YES;
				CURRENT_PROJECT_VERSION = 1;
				ENABLE_NS_ASSERTIONS = NO;
				ENABLE_STRICT_OBJC_MSGSEND = YES;
				GCC_C_LANGUAGE_STANDARD = gnu99;
				GCC_WARN_64_TO_32_BIT_CONVERSION = YES;
				GCC_WARN_ABOUT_RETURN_TYPE = YES_ERROR;
				GCC_WARN_UNDECLARED_SELECTOR = YES;
				GCC_WARN_UNINITIALIZED_AUTOS = YES_AGGRESSIVE;
				GCC_WARN_UNUSED_FUNCTION = YES;
				GCC_WARN_UNUSED_VARIABLE = YES;
				IPHONEOS_DEPLOYMENT_TARGET = 8.1;
				MTL_ENABLE_DEBUG_INFO = NO;
				SDKROOT = iphoneos;
				TARGETED_DEVICE_FAMILY = "1,2";
				VALIDATE_PRODUCT = YES;
				VERSIONING_SYSTEM = "apple-generic";
				VERSION_INFO_PREFIX = "";
			};
			name = Release;
		};
		E9989A571A6D5FB300BD6B6F /* Debug */ = {
			isa = XCBuildConfiguration;
			buildSettings = {
				CLANG_ENABLE_MODULES = YES;
				DEFINES_MODULE = YES;
				DYLIB_COMPATIBILITY_VERSION = 1;
				DYLIB_CURRENT_VERSION = 1;
				DYLIB_INSTALL_NAME_BASE = "@rpath";
				INFOPLIST_FILE = GoodProgress/Info.plist;
				INSTALL_PATH = "$(LOCAL_LIBRARY_DIR)/Frameworks";
				LD_RUNPATH_SEARCH_PATHS = "$(inherited) @executable_path/Frameworks @loader_path/Frameworks";
				PRODUCT_NAME = GoodProgress;
				SKIP_INSTALL = YES;
				SWIFT_OPTIMIZATION_LEVEL = "-Onone";
			};
			name = Debug;
		};
		E9989A581A6D5FB300BD6B6F /* Release */ = {
			isa = XCBuildConfiguration;
			buildSettings = {
				CLANG_ENABLE_MODULES = YES;
				DEFINES_MODULE = YES;
				DYLIB_COMPATIBILITY_VERSION = 1;
				DYLIB_CURRENT_VERSION = 1;
				DYLIB_INSTALL_NAME_BASE = "@rpath";
				INFOPLIST_FILE = GoodProgress/Info.plist;
				INSTALL_PATH = "$(LOCAL_LIBRARY_DIR)/Frameworks";
				LD_RUNPATH_SEARCH_PATHS = "$(inherited) @executable_path/Frameworks @loader_path/Frameworks";
				PRODUCT_NAME = GoodProgress;
				SKIP_INSTALL = YES;
			};
			name = Release;
		};
		E9989A5A1A6D5FB300BD6B6F /* Debug */ = {
			isa = XCBuildConfiguration;
			buildSettings = {
				FRAMEWORK_SEARCH_PATHS = (
					"$(SDKROOT)/Developer/Library/Frameworks",
					"$(inherited)",
				);
				GCC_PREPROCESSOR_DEFINITIONS = (
					"DEBUG=1",
					"$(inherited)",
				);
				INFOPLIST_FILE = GoodProgressTests/Info.plist;
				LD_RUNPATH_SEARCH_PATHS = "$(inherited) @executable_path/Frameworks @loader_path/Frameworks";
				PRODUCT_NAME = GoodProgressTests;
			};
			name = Debug;
		};
		E9989A5B1A6D5FB300BD6B6F /* Release */ = {
			isa = XCBuildConfiguration;
			buildSettings = {
				FRAMEWORK_SEARCH_PATHS = (
					"$(SDKROOT)/Developer/Library/Frameworks",
					"$(inherited)",
				);
				INFOPLIST_FILE = GoodProgressTests/Info.plist;
				LD_RUNPATH_SEARCH_PATHS = "$(inherited) @executable_path/Frameworks @loader_path/Frameworks";
				PRODUCT_NAME = GoodProgressTests;
			};
			name = Release;
		};
/* End XCBuildConfiguration section */

/* Begin XCConfigurationList section */
		E9989A3A1A6D5FB300BD6B6F /* Build configuration list for PBXProject "GoodProgress" */ = {
			isa = XCConfigurationList;
			buildConfigurations = (
				E9989A541A6D5FB300BD6B6F /* Debug */,
				E9989A551A6D5FB300BD6B6F /* Release */,
			);
			defaultConfigurationIsVisible = 0;
			defaultConfigurationName = Release;
		};
		E9989A561A6D5FB300BD6B6F /* Build configuration list for PBXNativeTarget "GoodProgress" */ = {
			isa = XCConfigurationList;
			buildConfigurations = (
				E9989A571A6D5FB300BD6B6F /* Debug */,
				E9989A581A6D5FB300BD6B6F /* Release */,
			);
			defaultConfigurationIsVisible = 0;
			defaultConfigurationName = Release;
		};
		E9989A591A6D5FB300BD6B6F /* Build configuration list for PBXNativeTarget "GoodProgressTests" */ = {
			isa = XCConfigurationList;
			buildConfigurations = (
				E9989A5A1A6D5FB300BD6B6F /* Debug */,
				E9989A5B1A6D5FB300BD6B6F /* Release */,
			);
			defaultConfigurationIsVisible = 0;
			defaultConfigurationName = Release;
		};
/* End XCConfigurationList section */
	};
	rootObject = E9989A371A6D5FB300BD6B6F /* Project object */;
}
